{
  "nodes": {
    "crane": {
      "locked": {
        "lastModified": 1745454774,
        "narHash": "sha256-oLvmxOnsEKGtwczxp/CwhrfmQUG2ym24OMWowcoRhH8=",
        "rev": "efd36682371678e2b6da3f108fdb5c613b3ec598",
        "revCount": 729,
        "type": "tarball",
        "url": "https://api.flakehub.com/f/pinned/ipetkov/crane/0.20.3/01966538-0f80-7363-a573-2ba9fd154399/source.tar.gz"
      },
      "original": {
        "type": "tarball",
        "url": "https://flakehub.com/f/ipetkov/crane/0.20"
      }
    },
    "fenix": {
      "inputs": {
        "nixpkgs": [
          "nixpkgs"
        ],
        "rust-analyzer-src": "rust-analyzer-src"
      },
      "locked": {
        "lastModified": 1769929675,
        "narHash": "sha256-EBpe7sXCPLs+qVePXbA7kc+Kmpmp0pWysEpjjEWTK+E=",
        "rev": "78d518f5ca32a86dc767de481160dbae640c70cf",
        "revCount": 2542,
        "type": "tarball",
        "url": "https://api.flakehub.com/f/pinned/nix-community/fenix/0.1.2542%2Brev-78d518f5ca32a86dc767de481160dbae640c70cf/019c1851-0ed1-7f81-b175-8e8bbad651e6/source.tar.gz"
      },
      "original": {
        "type": "tarball",
        "url": "https://flakehub.com/f/nix-community/fenix/0.1.1885"
      }
    },
    "flake-schemas": {
      "locked": {
        "lastModified": 1772200446,
        "narHash": "sha256-hcUPpu25+VLvQsf961cu4zTeA//Ab35MaMjqSS/Ojqc=",
        "rev": "d6a6b7cfa25bea552c197c9e227cd293ff801dbb",
        "revCount": 115,
        "type": "tarball",
        "url": "https://api.flakehub.com/f/pinned/DeterminateSystems/flake-schemas/0.3.0/019c9f61-e746-760e-a1fe-53f05b10d026/source.tar.gz"
      },
      "original": {
        "type": "tarball",
        "url": "https://flakehub.com/f/DeterminateSystems/flake-schemas/0.3"
      }
    },
    "nixpkgs": {
      "locked": {
        "lastModified": 1771903837,
        "narHash": "sha256-sdaqdnsQCv3iifzxwB22tUwN/fSHoN7j2myFW5EIkGk=",
        "rev": "e764fc9a405871f1f6ca3d1394fb422e0a0c3951",
        "revCount": 908322,
        "type": "tarball",
        "url": "https://api.flakehub.com/f/pinned/NixOS/nixpkgs/0.2511.908322%2Brev-e764fc9a405871f1f6ca3d1394fb422e0a0c3951/019c90c7-b2fa-759d-838f-611ca6eed88b/source.tar.gz"
      },
      "original": {
        "type": "tarball",
        "url": "https://flakehub.com/f/NixOS/nixpkgs/0"
      }
    },
    "root": {
      "inputs": {
        "crane": "crane",
        "fenix": "fenix",
        "flake-schemas": "flake-schemas",
        "nixpkgs": "nixpkgs"
      }
    },
    "rust-analyzer-src": {
      "flake": false,
      "locked": {
        "lastModified": 1769857242,
        "narHash": "sha256-3eKpRRzKz0KzY7CJzRXFm4POwEqbuTohyQ2ajI/zKvg=",
        "owner": "rust-lang",
        "repo": "rust-analyzer",
        "rev": "17304e9c7e11d26139672d3d77aa498b1cae0d69",
        "type": "github"
      },
      "original": {
        "owner": "rust-lang",
        "ref": "nightly",
        "repo": "rust-analyzer",
        "type": "github"
      }
    }
  },
  "root": "root",
  "version": 7
}
